// !$*UTF8*$!
{
	archiveVersion = 1;
	classes = {
	};
	objectVersion = 46;
	objects = {

/* Begin PBXBuildFile section */
		4C1DA4AB1D054EE100F18B82 /* WZFriendTrendsViewController.xib in Resources */ = {isa = PBXBuildFile; fileRef = 4C1DA4AA1D054EE100F18B82 /* WZFriendTrendsViewController.xib */; };
		4C1DA4AD1D055A0100F18B82 /* Foundation+Log.m in Sources */ = {isa = PBXBuildFile; fileRef = 4C1DA4AC1D055A0100F18B82 /* Foundation+Log.m */; };
		4C1DA4B11D055A4900F18B82 /* WZRecommendViewController.m in Sources */ = {isa = PBXBuildFile; fileRef = 4C1DA4AF1D055A4900F18B82 /* WZRecommendViewController.m */; };
		4C1DA4B21D055A4900F18B82 /* WZRecommendViewController.xib in Resources */ = {isa = PBXBuildFile; fileRef = 4C1DA4B01D055A4900F18B82 /* WZRecommendViewController.xib */; };
		4C21B17A1D0CF93C00D2CDB3 /* WZRecommandUser.m in Sources */ = {isa = PBXBuildFile; fileRef = 4C21B1791D0CF93C00D2CDB3 /* WZRecommandUser.m */; };
		4C21B17D1D0D553900D2CDB3 /* WZRecommandTagsViewController.m in Sources */ = {isa = PBXBuildFile; fileRef = 4C21B17C1D0D553900D2CDB3 /* WZRecommandTagsViewController.m */; };
		4C21B1811D0D559500D2CDB3 /* WZRecommandTagsCell.m in Sources */ = {isa = PBXBuildFile; fileRef = 4C21B17F1D0D559500D2CDB3 /* WZRecommandTagsCell.m */; };
		4C21B1821D0D559500D2CDB3 /* WZRecommandTagsCell.xib in Resources */ = {isa = PBXBuildFile; fileRef = 4C21B1801D0D559500D2CDB3 /* WZRecommandTagsCell.xib */; };
		4C21B1851D0D592B00D2CDB3 /* WZRecommandTag.m in Sources */ = {isa = PBXBuildFile; fileRef = 4C21B1841D0D592B00D2CDB3 /* WZRecommandTag.m */; };
		4C6399491D0676D800192953 /* WZRecommandType.m in Sources */ = {isa = PBXBuildFile; fileRef = 4C6399481D0676D800192953 /* WZRecommandType.m */; };
		4C63994D1D067CE500192953 /* WZRecommandLeft2TableViewCell.m in Sources */ = {isa = PBXBuildFile; fileRef = 4C63994B1D067CE500192953 /* WZRecommandLeft2TableViewCell.m */; };
		4C63994E1D067CE500192953 /* WZRecommandLeft2TableViewCell.xib in Resources */ = {isa = PBXBuildFile; fileRef = 4C63994C1D067CE500192953 /* WZRecommandLeft2TableViewCell.xib */; };
		4C75B5811D1B757300D611A1 /* WZEssenceVoiceView.m in Sources */ = {isa = PBXBuildFile; fileRef = 4C75B5801D1B757300D611A1 /* WZEssenceVoiceView.m */; };
		4C75B5831D1B75B000D611A1 /* WZEssenceVoiceView.xib in Resources */ = {isa = PBXBuildFile; fileRef = 4C75B5821D1B75B000D611A1 /* WZEssenceVoiceView.xib */; };
		4C75B5861D1BB15300D611A1 /* WZEssenceVideoView.m in Sources */ = {isa = PBXBuildFile; fileRef = 4C75B5851D1BB15300D611A1 /* WZEssenceVideoView.m */; };
		4C75B5881D1BB16B00D611A1 /* WZEssenceVideoView.xib in Resources */ = {isa = PBXBuildFile; fileRef = 4C75B5871D1BB16B00D611A1 /* WZEssenceVideoView.xib */; };
		4C75B58B1D1BC3A600D611A1 /* WZEssenceUserModel.m in Sources */ = {isa = PBXBuildFile; fileRef = 4C75B58A1D1BC3A600D611A1 /* WZEssenceUserModel.m */; };
		4C75B58E1D1BC49000D611A1 /* WZEssenceTopComentModel.m in Sources */ = {isa = PBXBuildFile; fileRef = 4C75B58D1D1BC49000D611A1 /* WZEssenceTopComentModel.m */; };
		4C75B5911D1BC7AD00D611A1 /* WZEssenceTopCommentView.m in Sources */ = {isa = PBXBuildFile; fileRef = 4C75B5901D1BC7AD00D611A1 /* WZEssenceTopCommentView.m */; };
		4C75B5931D1BC7CA00D611A1 /* WZEssenceTopCommentView.xib in Resources */ = {isa = PBXBuildFile; fileRef = 4C75B5921D1BC7CA00D611A1 /* WZEssenceTopCommentView.xib */; };
		4C82F5EE1D001EC10044509D /* Assets.xcassets in Resources */ = {isa = PBXBuildFile; fileRef = 4C82F5ED1D001EC10044509D /* Assets.xcassets */; };
		4CA666A41D10EF4C00E6BEF1 /* WZGuideView.m in Sources */ = {isa = PBXBuildFile; fileRef = 4CA666A31D10EF4C00E6BEF1 /* WZGuideView.m */; };
		4CA666A61D10EF6E00E6BEF1 /* WZGuideView.xib in Resources */ = {isa = PBXBuildFile; fileRef = 4CA666A51D10EF6E00E6BEF1 /* WZGuideView.xib */; };
		4CABC0E21D1CD05A00E15DBB /* WZEssenceCommentController.m in Sources */ = {isa = PBXBuildFile; fileRef = 4CABC0E01D1CD05A00E15DBB /* WZEssenceCommentController.m */; };
		4CABC0E31D1CD05A00E15DBB /* WZEssenceCommentController.xib in Resources */ = {isa = PBXBuildFile; fileRef = 4CABC0E11D1CD05A00E15DBB /* WZEssenceCommentController.xib */; };
		4CABF62F1D0E9F1800503A29 /* WZLoginRegisterViewController.m in Sources */ = {isa = PBXBuildFile; fileRef = 4CABF62D1D0E9F1800503A29 /* WZLoginRegisterViewController.m */; };
		4CABF6301D0E9F1800503A29 /* WZLoginRegisterViewController.xib in Resources */ = {isa = PBXBuildFile; fileRef = 4CABF62E1D0E9F1800503A29 /* WZLoginRegisterViewController.xib */; };
		4CABF6331D0EA8C300503A29 /* WZVerticalButton.m in Sources */ = {isa = PBXBuildFile; fileRef = 4CABF6321D0EA8C300503A29 /* WZVerticalButton.m */; };
		4CBDE09E1D050F2F00A7FAF5 /* WZEssenceViewController.m in Sources */ = {isa = PBXBuildFile; fileRef = 4CBDE0751D050F2F00A7FAF5 /* WZEssenceViewController.m */; };
		4CBDE09F1D050F2F00A7FAF5 /* WZFriendTrendsViewController.m in Sources */ = {isa = PBXBuildFile; fileRef = 4CBDE07B1D050F2F00A7FAF5 /* WZFriendTrendsViewController.m */; };
		4CBDE0A01D050F2F00A7FAF5 /* WZMeViewController.m in Sources */ = {isa = PBXBuildFile; fileRef = 4CBDE0811D050F2F00A7FAF5 /* WZMeViewController.m */; };
		4CBDE0A11D050F2F00A7FAF5 /* WZNewViewController.m in Sources */ = {isa = PBXBuildFile; fileRef = 4CBDE0871D050F2F00A7FAF5 /* WZNewViewController.m */; };
		4CBDE0A21D050F2F00A7FAF5 /* AppDelegate.m in Sources */ = {isa = PBXBuildFile; fileRef = 4CBDE08C1D050F2F00A7FAF5 /* AppDelegate.m */; };
		4CBDE0A31D050F2F00A7FAF5 /* UIBarButtonItem+WZCategory.m in Sources */ = {isa = PBXBuildFile; fileRef = 4CBDE08F1D050F2F00A7FAF5 /* UIBarButtonItem+WZCategory.m */; };
		4CBDE0A41D050F2F00A7FAF5 /* UIView+WZCategory.m in Sources */ = {isa = PBXBuildFile; fileRef = 4CBDE0911D050F2F00A7FAF5 /* UIView+WZCategory.m */; };
		4CBDE0A51D050F2F00A7FAF5 /* WZHomeTabBarController.m in Sources */ = {isa = PBXBuildFile; fileRef = 4CBDE0941D050F2F00A7FAF5 /* WZHomeTabBarController.m */; };
		4CBDE0A61D050F2F00A7FAF5 /* WZNavigationController.m in Sources */ = {isa = PBXBuildFile; fileRef = 4CBDE0961D050F2F00A7FAF5 /* WZNavigationController.m */; };
		4CBDE0A71D050F2F00A7FAF5 /* main.m in Sources */ = {isa = PBXBuildFile; fileRef = 4CBDE0971D050F2F00A7FAF5 /* main.m */; };
		4CBDE0A81D050F2F00A7FAF5 /* WZTabBar.m in Sources */ = {isa = PBXBuildFile; fileRef = 4CBDE09B1D050F2F00A7FAF5 /* WZTabBar.m */; };
		4CBDE0A91D050F2F00A7FAF5 /* WZPublishViewController.m in Sources */ = {isa = PBXBuildFile; fileRef = 4CBDE09D1D050F2F00A7FAF5 /* WZPublishViewController.m */; };
		4CBDE0AC1D051C9800A7FAF5 /* WZTestViewController.m in Sources */ = {isa = PBXBuildFile; fileRef = 4CBDE0AB1D051C9800A7FAF5 /* WZTestViewController.m */; };
		4CC29AE01D18DAFD0027BA38 /* WZPublishViewController.xib in Resources */ = {isa = PBXBuildFile; fileRef = 4CC29ADF1D18DAFD0027BA38 /* WZPublishViewController.xib */; };
		4CC29AE31D192D190027BA38 /* WZPublishView.m in Sources */ = {isa = PBXBuildFile; fileRef = 4CC29AE21D192D190027BA38 /* WZPublishView.m */; };
		4CC29AE51D192D360027BA38 /* WZPublishView.xib in Resources */ = {isa = PBXBuildFile; fileRef = 4CC29AE41D192D350027BA38 /* WZPublishView.xib */; };
		4CC73FF61D1242DA0074474D /* WZEssenceModel.m in Sources */ = {isa = PBXBuildFile; fileRef = 4CC73FF51D1242DA0074474D /* WZEssenceModel.m */; };
		4CC73FF91D1242F10074474D /* WZEssenceListModel.m in Sources */ = {isa = PBXBuildFile; fileRef = 4CC73FF81D1242F10074474D /* WZEssenceListModel.m */; };
		4CC73FFD1D127D790074474D /* WZEssenceCell.m in Sources */ = {isa = PBXBuildFile; fileRef = 4CC73FFB1D127D790074474D /* WZEssenceCell.m */; };
		4CC73FFE1D127D790074474D /* WZEssenceCell.xib in Resources */ = {isa = PBXBuildFile; fileRef = 4CC73FFC1D127D790074474D /* WZEssenceCell.xib */; };
		4CC740011D1296380074474D /* NSDate+WZCategory.m in Sources */ = {isa = PBXBuildFile; fileRef = 4CC740001D1296380074474D /* NSDate+WZCategory.m */; };
		4CD01C471D139B9200E553CF /* WZEssenseBaseController.m in Sources */ = {isa = PBXBuildFile; fileRef = 4CD01C461D139B9200E553CF /* WZEssenseBaseController.m */; };
		4CD01C4A1D13A64900E553CF /* WZConst.m in Sources */ = {isa = PBXBuildFile; fileRef = 4CD01C491D13A64900E553CF /* WZConst.m */; };
		4CD01C4C1D13A7C500E553CF /* UIKit.framework in Frameworks */ = {isa = PBXBuildFile; fileRef = 4CD01C4B1D13A7C500E553CF /* UIKit.framework */; };
		4CD01C4F1D13ED2100E553CF /* WZEssencePictureView.m in Sources */ = {isa = PBXBuildFile; fileRef = 4CD01C4E1D13ED2100E553CF /* WZEssencePictureView.m */; };
		4CD01C511D13ED2D00E553CF /* WZEssencePictureView.xib in Resources */ = {isa = PBXBuildFile; fileRef = 4CD01C501D13ED2D00E553CF /* WZEssencePictureView.xib */; };
		4CD206FA1D17D03C002CB379 /* WZShowImageViewController.m in Sources */ = {isa = PBXBuildFile; fileRef = 4CD206F81D17D03C002CB379 /* WZShowImageViewController.m */; };
		4CD206FB1D17D03C002CB379 /* WZShowImageViewController.xib in Resources */ = {isa = PBXBuildFile; fileRef = 4CD206F91D17D03C002CB379 /* WZShowImageViewController.xib */; };
		4CD206FE1D17D091002CB379 /* WZCircularProgressView.m in Sources */ = {isa = PBXBuildFile; fileRef = 4CD206FD1D17D091002CB379 /* WZCircularProgressView.m */; };
		4CD610DB1D05603900B2580E /* WZRecommandLeftTableViewCell.m in Sources */ = {isa = PBXBuildFile; fileRef = 4CD610D91D05603900B2580E /* WZRecommandLeftTableViewCell.m */; };
		4CD610DC1D05603900B2580E /* WZRecommandLeftTableViewCell.xib in Resources */ = {isa = PBXBuildFile; fileRef = 4CD610DA1D05603900B2580E /* WZRecommandLeftTableViewCell.xib */; };
		4CD610E01D05604E00B2580E /* WZRecommandRightTableViewCell.m in Sources */ = {isa = PBXBuildFile; fileRef = 4CD610DE1D05604E00B2580E /* WZRecommandRightTableViewCell.m */; };
		4CD610E11D05604E00B2580E /* WZRecommandRightTableViewCell.xib in Resources */ = {isa = PBXBuildFile; fileRef = 4CD610DF1D05604E00B2580E /* WZRecommandRightTableViewCell.xib */; };
		4CD9CCBF1D0FAB2C000DFECF /* WZTextFieldPlaceHolder.m in Sources */ = {isa = PBXBuildFile; fileRef = 4CD9CCBE1D0FAB2C000DFECF /* WZTextFieldPlaceHolder.m */; };
		4CE9362B1D2A51BE00FFE160 /* WZCommentCell.m in Sources */ = {isa = PBXBuildFile; fileRef = 4CE936291D2A51BE00FFE160 /* WZCommentCell.m */; };
		4CE9362C1D2A51BE00FFE160 /* WZCommentCell.xib in Resources */ = {isa = PBXBuildFile; fileRef = 4CE9362A1D2A51BE00FFE160 /* WZCommentCell.xib */; };
		4CEC43AC1D2B4C4500E2E3D9 /* WZTableViewHeaderFooterView.m in Sources */ = {isa = PBXBuildFile; fileRef = 4CEC43AB1D2B4C4500E2E3D9 /* WZTableViewHeaderFooterView.m */; };
		8A452A1E3AA9C08076620E6F /* libPods.a in Frameworks */ = {isa = PBXBuildFile; fileRef = 644AE6A22815CDDE03BBF66F /* libPods.a */; };
/* End PBXBuildFile section */

/* Begin PBXFileReference section */
		4C1DA4AA1D054EE100F18B82 /* WZFriendTrendsViewController.xib */ = {isa = PBXFileReference; fileEncoding = 4; lastKnownFileType = file.xib; path = WZFriendTrendsViewController.xib; sourceTree = "<group>"; };
		4C1DA4AC1D055A0100F18B82 /* Foundation+Log.m */ = {isa = PBXFileReference; fileEncoding = 4; lastKnownFileType = sourcecode.c.objc; path = "Foundation+Log.m"; sourceTree = "<group>"; };
		4C1DA4AE1D055A4900F18B82 /* WZRecommendViewController.h */ = {isa = PBXFileReference; fileEncoding = 4; lastKnownFileType = sourcecode.c.h; path = WZRecommendViewController.h; sourceTree = "<group>"; };
		4C1DA4AF1D055A4900F18B82 /* WZRecommendViewController.m */ = {isa = PBXFileReference; fileEncoding = 4; lastKnownFileType = sourcecode.c.objc; path = WZRecommendViewController.m; sourceTree = "<group>"; };
		4C1DA4B01D055A4900F18B82 /* WZRecommendViewController.xib */ = {isa = PBXFileReference; fileEncoding = 4; lastKnownFileType = file.xib; path = WZRecommendViewController.xib; sourceTree = "<group>"; };
		4C21B1781D0CF93C00D2CDB3 /* WZRecommandUser.h */ = {isa = PBXFileReference; fileEncoding = 4; lastKnownFileType = sourcecode.c.h; path = WZRecommandUser.h; sourceTree = "<group>"; };
		4C21B1791D0CF93C00D2CDB3 /* WZRecommandUser.m */ = {isa = PBXFileReference; fileEncoding = 4; lastKnownFileType = sourcecode.c.objc; path = WZRecommandUser.m; sourceTree = "<group>"; };
		4C21B17B1D0D553900D2CDB3 /* WZRecommandTagsViewController.h */ = {isa = PBXFileReference; fileEncoding = 4; lastKnownFileType = sourcecode.c.h; path = WZRecommandTagsViewController.h; sourceTree = "<group>"; };
		4C21B17C1D0D553900D2CDB3 /* WZRecommandTagsViewController.m */ = {isa = PBXFileReference; fileEncoding = 4; lastKnownFileType = sourcecode.c.objc; path = WZRecommandTagsViewController.m; sourceTree = "<group>"; };
		4C21B17E1D0D559500D2CDB3 /* WZRecommandTagsCell.h */ = {isa = PBXFileReference; fileEncoding = 4; lastKnownFileType = sourcecode.c.h; path = WZRecommandTagsCell.h; sourceTree = "<group>"; };
		4C21B17F1D0D559500D2CDB3 /* WZRecommandTagsCell.m */ = {isa = PBXFileReference; fileEncoding = 4; lastKnownFileType = sourcecode.c.objc; path = WZRecommandTagsCell.m; sourceTree = "<group>"; };
		4C21B1801D0D559500D2CDB3 /* WZRecommandTagsCell.xib */ = {isa = PBXFileReference; fileEncoding = 4; lastKnownFileType = file.xib; path = WZRecommandTagsCell.xib; sourceTree = "<group>"; };
		4C21B1831D0D592B00D2CDB3 /* WZRecommandTag.h */ = {isa = PBXFileReference; fileEncoding = 4; lastKnownFileType = sourcecode.c.h; path = WZRecommandTag.h; sourceTree = "<group>"; };
		4C21B1841D0D592B00D2CDB3 /* WZRecommandTag.m */ = {isa = PBXFileReference; fileEncoding = 4; lastKnownFileType = sourcecode.c.objc; path = WZRecommandTag.m; sourceTree = "<group>"; };
		4C6399471D0676D800192953 /* WZRecommandType.h */ = {isa = PBXFileReference; fileEncoding = 4; lastKnownFileType = sourcecode.c.h; path = WZRecommandType.h; sourceTree = "<group>"; };
		4C6399481D0676D800192953 /* WZRecommandType.m */ = {isa = PBXFileReference; fileEncoding = 4; lastKnownFileType = sourcecode.c.objc; path = WZRecommandType.m; sourceTree = "<group>"; };
		4C63994A1D067CE500192953 /* WZRecommandLeft2TableViewCell.h */ = {isa = PBXFileReference; fileEncoding = 4; lastKnownFileType = sourcecode.c.h; path = WZRecommandLeft2TableViewCell.h; sourceTree = "<group>"; };
		4C63994B1D067CE500192953 /* WZRecommandLeft2TableViewCell.m */ = {isa = PBXFileReference; fileEncoding = 4; lastKnownFileType = sourcecode.c.objc; path = WZRecommandLeft2TableViewCell.m; sourceTree = "<group>"; };
		4C63994C1D067CE500192953 /* WZRecommandLeft2TableViewCell.xib */ = {isa = PBXFileReference; fileEncoding = 4; lastKnownFileType = file.xib; path = WZRecommandLeft2TableViewCell.xib; sourceTree = "<group>"; };
		4C75B57F1D1B757300D611A1 /* WZEssenceVoiceView.h */ = {isa = PBXFileReference; fileEncoding = 4; lastKnownFileType = sourcecode.c.h; path = WZEssenceVoiceView.h; sourceTree = "<group>"; };
		4C75B5801D1B757300D611A1 /* WZEssenceVoiceView.m */ = {isa = PBXFileReference; fileEncoding = 4; lastKnownFileType = sourcecode.c.objc; path = WZEssenceVoiceView.m; sourceTree = "<group>"; };
		4C75B5821D1B75B000D611A1 /* WZEssenceVoiceView.xib */ = {isa = PBXFileReference; fileEncoding = 4; lastKnownFileType = file.xib; path = WZEssenceVoiceView.xib; sourceTree = "<group>"; };
		4C75B5841D1BB15300D611A1 /* WZEssenceVideoView.h */ = {isa = PBXFileReference; fileEncoding = 4; lastKnownFileType = sourcecode.c.h; path = WZEssenceVideoView.h; sourceTree = "<group>"; };
		4C75B5851D1BB15300D611A1 /* WZEssenceVideoView.m */ = {isa = PBXFileReference; fileEncoding = 4; lastKnownFileType = sourcecode.c.objc; path = WZEssenceVideoView.m; sourceTree = "<group>"; };
		4C75B5871D1BB16B00D611A1 /* WZEssenceVideoView.xib */ = {isa = PBXFileReference; fileEncoding = 4; lastKnownFileType = file.xib; path = WZEssenceVideoView.xib; sourceTree = "<group>"; };
		4C75B5891D1BC3A600D611A1 /* WZEssenceUserModel.h */ = {isa = PBXFileReference; fileEncoding = 4; lastKnownFileType = sourcecode.c.h; path = WZEssenceUserModel.h; sourceTree = "<group>"; };
		4C75B58A1D1BC3A600D611A1 /* WZEssenceUserModel.m */ = {isa = PBXFileReference; fileEncoding = 4; lastKnownFileType = sourcecode.c.objc; path = WZEssenceUserModel.m; sourceTree = "<group>"; };
		4C75B58C1D1BC49000D611A1 /* WZEssenceTopComentModel.h */ = {isa = PBXFileReference; fileEncoding = 4; lastKnownFileType = sourcecode.c.h; path = WZEssenceTopComentModel.h; sourceTree = "<group>"; };
		4C75B58D1D1BC49000D611A1 /* WZEssenceTopComentModel.m */ = {isa = PBXFileReference; fileEncoding = 4; lastKnownFileType = sourcecode.c.objc; path = WZEssenceTopComentModel.m; sourceTree = "<group>"; };
		4C75B58F1D1BC7AD00D611A1 /* WZEssenceTopCommentView.h */ = {isa = PBXFileReference; fileEncoding = 4; lastKnownFileType = sourcecode.c.h; path = WZEssenceTopCommentView.h; sourceTree = "<group>"; };
		4C75B5901D1BC7AD00D611A1 /* WZEssenceTopCommentView.m */ = {isa = PBXFileReference; fileEncoding = 4; lastKnownFileType = sourcecode.c.objc; path = WZEssenceTopCommentView.m; sourceTree = "<group>"; };
		4C75B5921D1BC7CA00D611A1 /* WZEssenceTopCommentView.xib */ = {isa = PBXFileReference; fileEncoding = 4; lastKnownFileType = file.xib; path = WZEssenceTopCommentView.xib; sourceTree = "<group>"; };
		4C82F5DE1D001EC10044509D /* 百思不得姐.app */ = {isa = PBXFileReference; explicitFileType = wrapper.application; includeInIndex = 0; path = "百思不得姐.app"; sourceTree = BUILT_PRODUCTS_DIR; };
		4C82F5ED1D001EC10044509D /* Assets.xcassets */ = {isa = PBXFileReference; lastKnownFileType = folder.assetcatalog; path = Assets.xcassets; sourceTree = "<group>"; };
		4C82F5F21D001EC10044509D /* Info.plist */ = {isa = PBXFileReference; lastKnownFileType = text.plist.xml; path = Info.plist; sourceTree = "<group>"; };
		4C947FAC1D0180B100443770 /* 笔记.h */ = {isa = PBXFileReference; lastKnownFileType = sourcecode.c.h; path = "笔记.h"; sourceTree = "<group>"; };
		4CA666A21D10EF4C00E6BEF1 /* WZGuideView.h */ = {isa = PBXFileReference; fileEncoding = 4; lastKnownFileType = sourcecode.c.h; path = WZGuideView.h; sourceTree = "<group>"; };
		4CA666A31D10EF4C00E6BEF1 /* WZGuideView.m */ = {isa = PBXFileReference; fileEncoding = 4; lastKnownFileType = sourcecode.c.objc; path = WZGuideView.m; sourceTree = "<group>"; };
		4CA666A51D10EF6E00E6BEF1 /* WZGuideView.xib */ = {isa = PBXFileReference; fileEncoding = 4; lastKnownFileType = file.xib; path = WZGuideView.xib; sourceTree = "<group>"; };
		4CABC0DF1D1CD05A00E15DBB /* WZEssenceCommentController.h */ = {isa = PBXFileReference; fileEncoding = 4; lastKnownFileType = sourcecode.c.h; path = WZEssenceCommentController.h; sourceTree = "<group>"; };
		4CABC0E01D1CD05A00E15DBB /* WZEssenceCommentController.m */ = {isa = PBXFileReference; fileEncoding = 4; lastKnownFileType = sourcecode.c.objc; path = WZEssenceCommentController.m; sourceTree = "<group>"; };
		4CABC0E11D1CD05A00E15DBB /* WZEssenceCommentController.xib */ = {isa = PBXFileReference; fileEncoding = 4; lastKnownFileType = file.xib; path = WZEssenceCommentController.xib; sourceTree = "<group>"; };
		4CABF62C1D0E9F1800503A29 /* WZLoginRegisterViewController.h */ = {isa = PBXFileReference; fileEncoding = 4; lastKnownFileType = sourcecode.c.h; path = WZLoginRegisterViewController.h; sourceTree = "<group>"; };
		4CABF62D1D0E9F1800503A29 /* WZLoginRegisterViewController.m */ = {isa = PBXFileReference; fileEncoding = 4; lastKnownFileType = sourcecode.c.objc; path = WZLoginRegisterViewController.m; sourceTree = "<group>"; };
		4CABF62E1D0E9F1800503A29 /* WZLoginRegisterViewController.xib */ = {isa = PBXFileReference; fileEncoding = 4; lastKnownFileType = file.xib; path = WZLoginRegisterViewController.xib; sourceTree = "<group>"; };
		4CABF6311D0EA8C300503A29 /* WZVerticalButton.h */ = {isa = PBXFileReference; fileEncoding = 4; lastKnownFileType = sourcecode.c.h; path = WZVerticalButton.h; sourceTree = "<group>"; };
		4CABF6321D0EA8C300503A29 /* WZVerticalButton.m */ = {isa = PBXFileReference; fileEncoding = 4; lastKnownFileType = sourcecode.c.objc; path = WZVerticalButton.m; sourceTree = "<group>"; };
		4CBDE0741D050F2F00A7FAF5 /* WZEssenceViewController.h */ = {isa = PBXFileReference; fileEncoding = 4; lastKnownFileType = sourcecode.c.h; path = WZEssenceViewController.h; sourceTree = "<group>"; };
		4CBDE0751D050F2F00A7FAF5 /* WZEssenceViewController.m */ = {isa = PBXFileReference; fileEncoding = 4; lastKnownFileType = sourcecode.c.objc; path = WZEssenceViewController.m; sourceTree = "<group>"; };
		4CBDE07A1D050F2F00A7FAF5 /* WZFriendTrendsViewController.h */ = {isa = PBXFileReference; fileEncoding = 4; lastKnownFileType = sourcecode.c.h; path = WZFriendTrendsViewController.h; sourceTree = "<group>"; };
		4CBDE07B1D050F2F00A7FAF5 /* WZFriendTrendsViewController.m */ = {isa = PBXFileReference; fileEncoding = 4; lastKnownFileType = sourcecode.c.objc; path = WZFriendTrendsViewController.m; sourceTree = "<group>"; };
		4CBDE0801D050F2F00A7FAF5 /* WZMeViewController.h */ = {isa = PBXFileReference; fileEncoding = 4; lastKnownFileType = sourcecode.c.h; path = WZMeViewController.h; sourceTree = "<group>"; };
		4CBDE0811D050F2F00A7FAF5 /* WZMeViewController.m */ = {isa = PBXFileReference; fileEncoding = 4; lastKnownFileType = sourcecode.c.objc; path = WZMeViewController.m; sourceTree = "<group>"; };
		4CBDE0861D050F2F00A7FAF5 /* WZNewViewController.h */ = {isa = PBXFileReference; fileEncoding = 4; lastKnownFileType = sourcecode.c.h; path = WZNewViewController.h; sourceTree = "<group>"; };
		4CBDE0871D050F2F00A7FAF5 /* WZNewViewController.m */ = {isa = PBXFileReference; fileEncoding = 4; lastKnownFileType = sourcecode.c.objc; path = WZNewViewController.m; sourceTree = "<group>"; };
		4CBDE08B1D050F2F00A7FAF5 /* AppDelegate.h */ = {isa = PBXFileReference; fileEncoding = 4; lastKnownFileType = sourcecode.c.h; path = AppDelegate.h; sourceTree = "<group>"; };
		4CBDE08C1D050F2F00A7FAF5 /* AppDelegate.m */ = {isa = PBXFileReference; fileEncoding = 4; lastKnownFileType = sourcecode.c.objc; path = AppDelegate.m; sourceTree = "<group>"; };
		4CBDE08E1D050F2F00A7FAF5 /* UIBarButtonItem+WZCategory.h */ = {isa = PBXFileReference; fileEncoding = 4; lastKnownFileType = sourcecode.c.h; path = "UIBarButtonItem+WZCategory.h"; sourceTree = "<group>"; };
		4CBDE08F1D050F2F00A7FAF5 /* UIBarButtonItem+WZCategory.m */ = {isa = PBXFileReference; fileEncoding = 4; lastKnownFileType = sourcecode.c.objc; path = "UIBarButtonItem+WZCategory.m"; sourceTree = "<group>"; };
		4CBDE0901D050F2F00A7FAF5 /* UIView+WZCategory.h */ = {isa = PBXFileReference; fileEncoding = 4; lastKnownFileType = sourcecode.c.h; path = "UIView+WZCategory.h"; sourceTree = "<group>"; };
		4CBDE0911D050F2F00A7FAF5 /* UIView+WZCategory.m */ = {isa = PBXFileReference; fileEncoding = 4; lastKnownFileType = sourcecode.c.objc; path = "UIView+WZCategory.m"; sourceTree = "<group>"; };
		4CBDE0931D050F2F00A7FAF5 /* WZHomeTabBarController.h */ = {isa = PBXFileReference; fileEncoding = 4; lastKnownFileType = sourcecode.c.h; path = WZHomeTabBarController.h; sourceTree = "<group>"; };
		4CBDE0941D050F2F00A7FAF5 /* WZHomeTabBarController.m */ = {isa = PBXFileReference; fileEncoding = 4; lastKnownFileType = sourcecode.c.objc; path = WZHomeTabBarController.m; sourceTree = "<group>"; };
		4CBDE0951D050F2F00A7FAF5 /* WZNavigationController.h */ = {isa = PBXFileReference; fileEncoding = 4; lastKnownFileType = sourcecode.c.h; path = WZNavigationController.h; sourceTree = "<group>"; };
		4CBDE0961D050F2F00A7FAF5 /* WZNavigationController.m */ = {isa = PBXFileReference; fileEncoding = 4; lastKnownFileType = sourcecode.c.objc; path = WZNavigationController.m; sourceTree = "<group>"; };
		4CBDE0971D050F2F00A7FAF5 /* main.m */ = {isa = PBXFileReference; fileEncoding = 4; lastKnownFileType = sourcecode.c.objc; path = main.m; sourceTree = "<group>"; };
		4CBDE0981D050F2F00A7FAF5 /* PrefixHeader.pch */ = {isa = PBXFileReference; fileEncoding = 4; lastKnownFileType = sourcecode.c.h; path = PrefixHeader.pch; sourceTree = "<group>"; };
		4CBDE09A1D050F2F00A7FAF5 /* WZTabBar.h */ = {isa = PBXFileReference; fileEncoding = 4; lastKnownFileType = sourcecode.c.h; path = WZTabBar.h; sourceTree = "<group>"; };
		4CBDE09B1D050F2F00A7FAF5 /* WZTabBar.m */ = {isa = PBXFileReference; fileEncoding = 4; lastKnownFileType = sourcecode.c.objc; path = WZTabBar.m; sourceTree = "<group>"; };
		4CBDE09C1D050F2F00A7FAF5 /* WZPublishViewController.h */ = {isa = PBXFileReference; fileEncoding = 4; lastKnownFileType = sourcecode.c.h; name = WZPublishViewController.h; path = ../WZPublishViewController.h; sourceTree = "<group>"; };
		4CBDE09D1D050F2F00A7FAF5 /* WZPublishViewController.m */ = {isa = PBXFileReference; fileEncoding = 4; lastKnownFileType = sourcecode.c.objc; name = WZPublishViewController.m; path = ../WZPublishViewController.m; sourceTree = "<group>"; };
		4CBDE0AA1D051C9800A7FAF5 /* WZTestViewController.h */ = {isa = PBXFileReference; fileEncoding = 4; lastKnownFileType = sourcecode.c.h; path = WZTestViewController.h; sourceTree = "<group>"; };
		4CBDE0AB1D051C9800A7FAF5 /* WZTestViewController.m */ = {isa = PBXFileReference; fileEncoding = 4; lastKnownFileType = sourcecode.c.objc; path = WZTestViewController.m; sourceTree = "<group>"; };
		4CC29ADF1D18DAFD0027BA38 /* WZPublishViewController.xib */ = {isa = PBXFileReference; fileEncoding = 4; lastKnownFileType = file.xib; name = WZPublishViewController.xib; path = ../WZPublishViewController.xib; sourceTree = "<group>"; };
		4CC29AE11D192D190027BA38 /* WZPublishView.h */ = {isa = PBXFileReference; fileEncoding = 4; lastKnownFileType = sourcecode.c.h; path = WZPublishView.h; sourceTree = "<group>"; };
		4CC29AE21D192D190027BA38 /* WZPublishView.m */ = {isa = PBXFileReference; fileEncoding = 4; lastKnownFileType = sourcecode.c.objc; path = WZPublishView.m; sourceTree = "<group>"; };
		4CC29AE41D192D350027BA38 /* WZPublishView.xib */ = {isa = PBXFileReference; fileEncoding = 4; lastKnownFileType = file.xib; path = WZPublishView.xib; sourceTree = "<group>"; };
		4CC73FF41D1242DA0074474D /* WZEssenceModel.h */ = {isa = PBXFileReference; fileEncoding = 4; lastKnownFileType = sourcecode.c.h; path = WZEssenceModel.h; sourceTree = "<group>"; };
		4CC73FF51D1242DA0074474D /* WZEssenceModel.m */ = {isa = PBXFileReference; fileEncoding = 4; lastKnownFileType = sourcecode.c.objc; path = WZEssenceModel.m; sourceTree = "<group>"; };
		4CC73FF71D1242F10074474D /* WZEssenceListModel.h */ = {isa = PBXFileReference; fileEncoding = 4; lastKnownFileType = sourcecode.c.h; path = WZEssenceListModel.h; sourceTree = "<group>"; };
		4CC73FF81D1242F10074474D /* WZEssenceListModel.m */ = {isa = PBXFileReference; fileEncoding = 4; lastKnownFileType = sourcecode.c.objc; path = WZEssenceListModel.m; sourceTree = "<group>"; };
		4CC73FFA1D127D790074474D /* WZEssenceCell.h */ = {isa = PBXFileReference; fileEncoding = 4; lastKnownFileType = sourcecode.c.h; path = WZEssenceCell.h; sourceTree = "<group>"; };
		4CC73FFB1D127D790074474D /* WZEssenceCell.m */ = {isa = PBXFileReference; fileEncoding = 4; lastKnownFileType = sourcecode.c.objc; path = WZEssenceCell.m; sourceTree = "<group>"; };
		4CC73FFC1D127D790074474D /* WZEssenceCell.xib */ = {isa = PBXFileReference; fileEncoding = 4; lastKnownFileType = file.xib; path = WZEssenceCell.xib; sourceTree = "<group>"; };
		4CC73FFF1D1296380074474D /* NSDate+WZCategory.h */ = {isa = PBXFileReference; fileEncoding = 4; lastKnownFileType = sourcecode.c.h; path = "NSDate+WZCategory.h"; sourceTree = "<group>"; };
		4CC740001D1296380074474D /* NSDate+WZCategory.m */ = {isa = PBXFileReference; fileEncoding = 4; lastKnownFileType = sourcecode.c.objc; path = "NSDate+WZCategory.m"; sourceTree = "<group>"; };
		4CD01C451D139B9200E553CF /* WZEssenseBaseController.h */ = {isa = PBXFileReference; fileEncoding = 4; lastKnownFileType = sourcecode.c.h; path = WZEssenseBaseController.h; sourceTree = "<group>"; };
		4CD01C461D139B9200E553CF /* WZEssenseBaseController.m */ = {isa = PBXFileReference; fileEncoding = 4; lastKnownFileType = sourcecode.c.objc; path = WZEssenseBaseController.m; sourceTree = "<group>"; };
		4CD01C481D13A64900E553CF /* WZConst.h */ = {isa = PBXFileReference; fileEncoding = 4; lastKnownFileType = sourcecode.c.h; path = WZConst.h; sourceTree = "<group>"; };
		4CD01C491D13A64900E553CF /* WZConst.m */ = {isa = PBXFileReference; fileEncoding = 4; lastKnownFileType = sourcecode.c.objc; path = WZConst.m; sourceTree = "<group>"; };
		4CD01C4B1D13A7C500E553CF /* UIKit.framework */ = {isa = PBXFileReference; lastKnownFileType = wrapper.framework; name = UIKit.framework; path = System/Library/Frameworks/UIKit.framework; sourceTree = SDKROOT; };
		4CD01C4D1D13ED2100E553CF /* WZEssencePictureView.h */ = {isa = PBXFileReference; fileEncoding = 4; lastKnownFileType = sourcecode.c.h; path = WZEssencePictureView.h; sourceTree = "<group>"; };
		4CD01C4E1D13ED2100E553CF /* WZEssencePictureView.m */ = {isa = PBXFileReference; fileEncoding = 4; lastKnownFileType = sourcecode.c.objc; path = WZEssencePictureView.m; sourceTree = "<group>"; };
		4CD01C501D13ED2D00E553CF /* WZEssencePictureView.xib */ = {isa = PBXFileReference; fileEncoding = 4; lastKnownFileType = file.xib; path = WZEssencePictureView.xib; sourceTree = "<group>"; };
		4CD206F71D17D03C002CB379 /* WZShowImageViewController.h */ = {isa = PBXFileReference; fileEncoding = 4; lastKnownFileType = sourcecode.c.h; path = WZShowImageViewController.h; sourceTree = "<group>"; };
		4CD206F81D17D03C002CB379 /* WZShowImageViewController.m */ = {isa = PBXFileReference; fileEncoding = 4; lastKnownFileType = sourcecode.c.objc; path = WZShowImageViewController.m; sourceTree = "<group>"; };
		4CD206F91D17D03C002CB379 /* WZShowImageViewController.xib */ = {isa = PBXFileReference; fileEncoding = 4; lastKnownFileType = file.xib; path = WZShowImageViewController.xib; sourceTree = "<group>"; };
		4CD206FC1D17D091002CB379 /* WZCircularProgressView.h */ = {isa = PBXFileReference; fileEncoding = 4; lastKnownFileType = sourcecode.c.h; path = WZCircularProgressView.h; sourceTree = "<group>"; };
		4CD206FD1D17D091002CB379 /* WZCircularProgressView.m */ = {isa = PBXFileReference; fileEncoding = 4; lastKnownFileType = sourcecode.c.objc; path = WZCircularProgressView.m; sourceTree = "<group>"; };
		4CD610D81D05603900B2580E /* WZRecommandLeftTableViewCell.h */ = {isa = PBXFileReference; fileEncoding = 4; lastKnownFileType = sourcecode.c.h; path = WZRecommandLeftTableViewCell.h; sourceTree = "<group>"; };
		4CD610D91D05603900B2580E /* WZRecommandLeftTableViewCell.m */ = {isa = PBXFileReference; fileEncoding = 4; lastKnownFileType = sourcecode.c.objc; path = WZRecommandLeftTableViewCell.m; sourceTree = "<group>"; };
		4CD610DA1D05603900B2580E /* WZRecommandLeftTableViewCell.xib */ = {isa = PBXFileReference; fileEncoding = 4; lastKnownFileType = file.xib; path = WZRecommandLeftTableViewCell.xib; sourceTree = "<group>"; };
		4CD610DD1D05604E00B2580E /* WZRecommandRightTableViewCell.h */ = {isa = PBXFileReference; fileEncoding = 4; lastKnownFileType = sourcecode.c.h; path = WZRecommandRightTableViewCell.h; sourceTree = "<group>"; };
		4CD610DE1D05604E00B2580E /* WZRecommandRightTableViewCell.m */ = {isa = PBXFileReference; fileEncoding = 4; lastKnownFileType = sourcecode.c.objc; path = WZRecommandRightTableViewCell.m; sourceTree = "<group>"; };
		4CD610DF1D05604E00B2580E /* WZRecommandRightTableViewCell.xib */ = {isa = PBXFileReference; fileEncoding = 4; lastKnownFileType = file.xib; path = WZRecommandRightTableViewCell.xib; sourceTree = "<group>"; };
		4CD9CCBD1D0FAB2C000DFECF /* WZTextFieldPlaceHolder.h */ = {isa = PBXFileReference; fileEncoding = 4; lastKnownFileType = sourcecode.c.h; path = WZTextFieldPlaceHolder.h; sourceTree = "<group>"; };
		4CD9CCBE1D0FAB2C000DFECF /* WZTextFieldPlaceHolder.m */ = {isa = PBXFileReference; fileEncoding = 4; lastKnownFileType = sourcecode.c.objc; path = WZTextFieldPlaceHolder.m; sourceTree = "<group>"; };
		4CE936281D2A51BE00FFE160 /* WZCommentCell.h */ = {isa = PBXFileReference; fileEncoding = 4; lastKnownFileType = sourcecode.c.h; path = WZCommentCell.h; sourceTree = "<group>"; };
		4CE936291D2A51BE00FFE160 /* WZCommentCell.m */ = {isa = PBXFileReference; fileEncoding = 4; lastKnownFileType = sourcecode.c.objc; path = WZCommentCell.m; sourceTree = "<group>"; };
		4CE9362A1D2A51BE00FFE160 /* WZCommentCell.xib */ = {isa = PBXFileReference; fileEncoding = 4; lastKnownFileType = file.xib; path = WZCommentCell.xib; sourceTree = "<group>"; };
		4CEC43AA1D2B4C4500E2E3D9 /* WZTableViewHeaderFooterView.h */ = {isa = PBXFileReference; fileEncoding = 4; lastKnownFileType = sourcecode.c.h; path = WZTableViewHeaderFooterView.h; sourceTree = "<group>"; };
		4CEC43AB1D2B4C4500E2E3D9 /* WZTableViewHeaderFooterView.m */ = {isa = PBXFileReference; fileEncoding = 4; lastKnownFileType = sourcecode.c.objc; path = WZTableViewHeaderFooterView.m; sourceTree = "<group>"; };
		5A2997A7562692472BB1CAC5 /* Pods.release.xcconfig */ = {isa = PBXFileReference; includeInIndex = 1; lastKnownFileType = text.xcconfig; name = Pods.release.xcconfig; path = "Pods/Target Support Files/Pods/Pods.release.xcconfig"; sourceTree = "<group>"; };
		644AE6A22815CDDE03BBF66F /* libPods.a */ = {isa = PBXFileReference; explicitFileType = archive.ar; includeInIndex = 0; path = libPods.a; sourceTree = BUILT_PRODUCTS_DIR; };
		C2BE7918B4C31BDC980EE819 /* Pods.debug.xcconfig */ = {isa = PBXFileReference; includeInIndex = 1; lastKnownFileType = text.xcconfig; name = Pods.debug.xcconfig; path = "Pods/Target Support Files/Pods/Pods.debug.xcconfig"; sourceTree = "<group>"; };
/* End PBXFileReference section */

/* Begin PBXFrameworksBuildPhase section */
		4C82F5DB1D001EC10044509D /* Frameworks */ = {
			isa = PBXFrameworksBuildPhase;
			buildActionMask = 2147483647;
			files = (
				4CD01C4C1D13A7C500E553CF /* UIKit.framework in Frameworks */,
				8A452A1E3AA9C08076620E6F /* libPods.a in Frameworks */,
			);
			runOnlyForDeploymentPostprocessing = 0;
		};
/* End PBXFrameworksBuildPhase section */

/* Begin PBXGroup section */
		420326DD4146CF3E3273467B /* Pods */ = {
			isa = PBXGroup;
			children = (
				C2BE7918B4C31BDC980EE819 /* Pods.debug.xcconfig */,
				5A2997A7562692472BB1CAC5 /* Pods.release.xcconfig */,
			);
			name = Pods;
			sourceTree = "<group>";
		};
		4C82F5D51D001EC10044509D = {
			isa = PBXGroup;
			children = (
				4C82F5E01D001EC10044509D /* 百思不得姐 */,
				4C82F5DF1D001EC10044509D /* Products */,
				420326DD4146CF3E3273467B /* Pods */,
				9835DD8ABC15F3C192E147E0 /* Frameworks */,
			);
			sourceTree = "<group>";
		};
		4C82F5DF1D001EC10044509D /* Products */ = {
			isa = PBXGroup;
			children = (
				4C82F5DE1D001EC10044509D /* 百思不得姐.app */,
			);
			name = Products;
			sourceTree = "<group>";
		};
		4C82F5E01D001EC10044509D /* 百思不得姐 */ = {
			isa = PBXGroup;
			children = (
				4CBDE0711D050F2F00A7FAF5 /* Classes */,
				4C82F5E11D001EC10044509D /* Supporting Files */,
			);
			path = "百思不得姐";
			sourceTree = "<group>";
		};
		4C82F5E11D001EC10044509D /* Supporting Files */ = {
			isa = PBXGroup;
			children = (
				4C82F5ED1D001EC10044509D /* Assets.xcassets */,
				4C82F5F21D001EC10044509D /* Info.plist */,
				4C947FAC1D0180B100443770 /* 笔记.h */,
			);
			name = "Supporting Files";
			sourceTree = "<group>";
		};
		4CABF6281D0E9EE600503A29 /* 登录注册 */ = {
			isa = PBXGroup;
			children = (
				4CABF6291D0E9EE600503A29 /* Controller */,
				4CABF62A1D0E9EE600503A29 /* Model */,
				4CABF62B1D0E9EE600503A29 /* View */,
			);
			path = "登录注册";
			sourceTree = "<group>";
		};
		4CABF6291D0E9EE600503A29 /* Controller */ = {
			isa = PBXGroup;
			children = (
				4CABF62C1D0E9F1800503A29 /* WZLoginRegisterViewController.h */,
				4CABF62D1D0E9F1800503A29 /* WZLoginRegisterViewController.m */,
				4CABF62E1D0E9F1800503A29 /* WZLoginRegisterViewController.xib */,
			);
			path = Controller;
			sourceTree = "<group>";
		};
		4CABF62A1D0E9EE600503A29 /* Model */ = {
			isa = PBXGroup;
			children = (
			);
			path = Model;
			sourceTree = "<group>";
		};
		4CABF62B1D0E9EE600503A29 /* View */ = {
			isa = PBXGroup;
			children = (
				4CABF6311D0EA8C300503A29 /* WZVerticalButton.h */,
				4CABF6321D0EA8C300503A29 /* WZVerticalButton.m */,
				4CD9CCBD1D0FAB2C000DFECF /* WZTextFieldPlaceHolder.h */,
				4CD9CCBE1D0FAB2C000DFECF /* WZTextFieldPlaceHolder.m */,
			);
			path = View;
			sourceTree = "<group>";
		};
		4CBDE0711D050F2F00A7FAF5 /* Classes */ = {
			isa = PBXGroup;
			children = (
				4CBDE0721D050F2F00A7FAF5 /* Essence-精华 */,
				4CBDE0841D050F2F00A7FAF5 /* New-新帖 */,
				4CBDE0781D050F2F00A7FAF5 /* FriendTrends-关注 */,
				4CBDE07E1D050F2F00A7FAF5 /* Me-我 */,
				4CBDE08A1D050F2F00A7FAF5 /* Other-其他 */,
				4CBDE0AA1D051C9800A7FAF5 /* WZTestViewController.h */,
				4CBDE0AB1D051C9800A7FAF5 /* WZTestViewController.m */,
			);
			path = Classes;
			sourceTree = "<group>";
		};
		4CBDE0721D050F2F00A7FAF5 /* Essence-精华 */ = {
			isa = PBXGroup;
			children = (
				4CBDE0731D050F2F00A7FAF5 /* Controller */,
				4CBDE0761D050F2F00A7FAF5 /* Model */,
				4CBDE0771D050F2F00A7FAF5 /* View */,
			);
			path = "Essence-精华";
			sourceTree = "<group>";
		};
		4CBDE0731D050F2F00A7FAF5 /* Controller */ = {
			isa = PBXGroup;
			children = (
				4CBDE0741D050F2F00A7FAF5 /* WZEssenceViewController.h */,
				4CBDE0751D050F2F00A7FAF5 /* WZEssenceViewController.m */,
				4CD01C451D139B9200E553CF /* WZEssenseBaseController.h */,
				4CD01C461D139B9200E553CF /* WZEssenseBaseController.m */,
				4C21B17B1D0D553900D2CDB3 /* WZRecommandTagsViewController.h */,
				4C21B17C1D0D553900D2CDB3 /* WZRecommandTagsViewController.m */,
				4CD206F71D17D03C002CB379 /* WZShowImageViewController.h */,
				4CD206F81D17D03C002CB379 /* WZShowImageViewController.m */,
				4CD206F91D17D03C002CB379 /* WZShowImageViewController.xib */,
				4CABC0DF1D1CD05A00E15DBB /* WZEssenceCommentController.h */,
				4CABC0E01D1CD05A00E15DBB /* WZEssenceCommentController.m */,
				4CABC0E11D1CD05A00E15DBB /* WZEssenceCommentController.xib */,
			);
			path = Controller;
			sourceTree = "<group>";
		};
		4CBDE0761D050F2F00A7FAF5 /* Model */ = {
			isa = PBXGroup;
			children = (
				4C21B1831D0D592B00D2CDB3 /* WZRecommandTag.h */,
				4C21B1841D0D592B00D2CDB3 /* WZRecommandTag.m */,
				4CC73FF41D1242DA0074474D /* WZEssenceModel.h */,
				4CC73FF51D1242DA0074474D /* WZEssenceModel.m */,
				4CC73FF71D1242F10074474D /* WZEssenceListModel.h */,
				4CC73FF81D1242F10074474D /* WZEssenceListModel.m */,
				4C75B5891D1BC3A600D611A1 /* WZEssenceUserModel.h */,
				4C75B58A1D1BC3A600D611A1 /* WZEssenceUserModel.m */,
				4C75B58C1D1BC49000D611A1 /* WZEssenceTopComentModel.h */,
				4C75B58D1D1BC49000D611A1 /* WZEssenceTopComentModel.m */,
			);
			path = Model;
			sourceTree = "<group>";
		};
		4CBDE0771D050F2F00A7FAF5 /* View */ = {
			isa = PBXGroup;
			children = (
				4C21B17E1D0D559500D2CDB3 /* WZRecommandTagsCell.h */,
				4C21B17F1D0D559500D2CDB3 /* WZRecommandTagsCell.m */,
				4C21B1801D0D559500D2CDB3 /* WZRecommandTagsCell.xib */,
				4CC73FFA1D127D790074474D /* WZEssenceCell.h */,
				4CC73FFB1D127D790074474D /* WZEssenceCell.m */,
				4CC73FFC1D127D790074474D /* WZEssenceCell.xib */,
				4CD01C4D1D13ED2100E553CF /* WZEssencePictureView.h */,
				4CD01C4E1D13ED2100E553CF /* WZEssencePictureView.m */,
				4CD01C501D13ED2D00E553CF /* WZEssencePictureView.xib */,
				4C75B57F1D1B757300D611A1 /* WZEssenceVoiceView.h */,
				4C75B5801D1B757300D611A1 /* WZEssenceVoiceView.m */,
				4C75B5821D1B75B000D611A1 /* WZEssenceVoiceView.xib */,
				4C75B5841D1BB15300D611A1 /* WZEssenceVideoView.h */,
				4C75B5851D1BB15300D611A1 /* WZEssenceVideoView.m */,
				4C75B5871D1BB16B00D611A1 /* WZEssenceVideoView.xib */,
				4C75B58F1D1BC7AD00D611A1 /* WZEssenceTopCommentView.h */,
				4C75B5901D1BC7AD00D611A1 /* WZEssenceTopCommentView.m */,
				4C75B5921D1BC7CA00D611A1 /* WZEssenceTopCommentView.xib */,
				4CE936281D2A51BE00FFE160 /* WZCommentCell.h */,
				4CE936291D2A51BE00FFE160 /* WZCommentCell.m */,
				4CE9362A1D2A51BE00FFE160 /* WZCommentCell.xib */,
				4CEC43AA1D2B4C4500E2E3D9 /* WZTableViewHeaderFooterView.h */,
				4CEC43AB1D2B4C4500E2E3D9 /* WZTableViewHeaderFooterView.m */,
			);
			path = View;
			sourceTree = "<group>";
		};
		4CBDE0781D050F2F00A7FAF5 /* FriendTrends-关注 */ = {
			isa = PBXGroup;
			children = (
				4CBDE0791D050F2F00A7FAF5 /* Controller */,
				4CBDE07C1D050F2F00A7FAF5 /* Model */,
				4CBDE07D1D050F2F00A7FAF5 /* View */,
			);
			path = "FriendTrends-关注";
			sourceTree = "<group>";
		};
		4CBDE0791D050F2F00A7FAF5 /* Controller */ = {
			isa = PBXGroup;
			children = (
				4CBDE07A1D050F2F00A7FAF5 /* WZFriendTrendsViewController.h */,
				4CBDE07B1D050F2F00A7FAF5 /* WZFriendTrendsViewController.m */,
				4C1DA4AA1D054EE100F18B82 /* WZFriendTrendsViewController.xib */,
				4C1DA4AE1D055A4900F18B82 /* WZRecommendViewController.h */,
				4C1DA4AF1D055A4900F18B82 /* WZRecommendViewController.m */,
				4C1DA4B01D055A4900F18B82 /* WZRecommendViewController.xib */,
			);
			path = Controller;
			sourceTree = "<group>";
		};
		4CBDE07C1D050F2F00A7FAF5 /* Model */ = {
			isa = PBXGroup;
			children = (
				4C6399471D0676D800192953 /* WZRecommandType.h */,
				4C6399481D0676D800192953 /* WZRecommandType.m */,
				4C21B1781D0CF93C00D2CDB3 /* WZRecommandUser.h */,
				4C21B1791D0CF93C00D2CDB3 /* WZRecommandUser.m */,
			);
			path = Model;
			sourceTree = "<group>";
		};
		4CBDE07D1D050F2F00A7FAF5 /* View */ = {
			isa = PBXGroup;
			children = (
				4CD610D81D05603900B2580E /* WZRecommandLeftTableViewCell.h */,
				4CD610D91D05603900B2580E /* WZRecommandLeftTableViewCell.m */,
				4CD610DA1D05603900B2580E /* WZRecommandLeftTableViewCell.xib */,
				4C63994A1D067CE500192953 /* WZRecommandLeft2TableViewCell.h */,
				4C63994B1D067CE500192953 /* WZRecommandLeft2TableViewCell.m */,
				4C63994C1D067CE500192953 /* WZRecommandLeft2TableViewCell.xib */,
				4CD610DD1D05604E00B2580E /* WZRecommandRightTableViewCell.h */,
				4CD610DE1D05604E00B2580E /* WZRecommandRightTableViewCell.m */,
				4CD610DF1D05604E00B2580E /* WZRecommandRightTableViewCell.xib */,
			);
			path = View;
			sourceTree = "<group>";
		};
		4CBDE07E1D050F2F00A7FAF5 /* Me-我 */ = {
			isa = PBXGroup;
			children = (
				4CBDE07F1D050F2F00A7FAF5 /* Controller */,
				4CBDE0821D050F2F00A7FAF5 /* Model */,
				4CBDE0831D050F2F00A7FAF5 /* View */,
			);
			path = "Me-我";
			sourceTree = "<group>";
		};
		4CBDE07F1D050F2F00A7FAF5 /* Controller */ = {
			isa = PBXGroup;
			children = (
				4CBDE0801D050F2F00A7FAF5 /* WZMeViewController.h */,
				4CBDE0811D050F2F00A7FAF5 /* WZMeViewController.m */,
			);
			path = Controller;
			sourceTree = "<group>";
		};
		4CBDE0821D050F2F00A7FAF5 /* Model */ = {
			isa = PBXGroup;
			children = (
			);
			path = Model;
			sourceTree = "<group>";
		};
		4CBDE0831D050F2F00A7FAF5 /* View */ = {
			isa = PBXGroup;
			children = (
			);
			path = View;
			sourceTree = "<group>";
		};
		4CBDE0841D050F2F00A7FAF5 /* New-新帖 */ = {
			isa = PBXGroup;
			children = (
				4CBDE0851D050F2F00A7FAF5 /* Controller */,
				4CBDE0881D050F2F00A7FAF5 /* Model */,
				4CBDE0891D050F2F00A7FAF5 /* View */,
			);
			path = "New-新帖";
			sourceTree = "<group>";
		};
		4CBDE0851D050F2F00A7FAF5 /* Controller */ = {
			isa = PBXGroup;
			children = (
				4CBDE0861D050F2F00A7FAF5 /* WZNewViewController.h */,
				4CBDE0871D050F2F00A7FAF5 /* WZNewViewController.m */,
			);
			path = Controller;
			sourceTree = "<group>";
		};
		4CBDE0881D050F2F00A7FAF5 /* Model */ = {
			isa = PBXGroup;
			children = (
			);
			path = Model;
			sourceTree = "<group>";
		};
		4CBDE0891D050F2F00A7FAF5 /* View */ = {
			isa = PBXGroup;
			children = (
			);
			path = View;
			sourceTree = "<group>";
		};
		4CBDE08A1D050F2F00A7FAF5 /* Other-其他 */ = {
			isa = PBXGroup;
			children = (
				4CABF6281D0E9EE600503A29 /* 登录注册 */,
				4CBDE08D1D050F2F00A7FAF5 /* Category */,
				4CBDE0921D050F2F00A7FAF5 /* Controller */,
				4CBDE0991D050F2F00A7FAF5 /* View */,
				4CBDE09C1D050F2F00A7FAF5 /* WZPublishViewController.h */,
				4CBDE09D1D050F2F00A7FAF5 /* WZPublishViewController.m */,
				4CC29ADF1D18DAFD0027BA38 /* WZPublishViewController.xib */,
				4CC29AE11D192D190027BA38 /* WZPublishView.h */,
				4CC29AE21D192D190027BA38 /* WZPublishView.m */,
				4CC29AE41D192D350027BA38 /* WZPublishView.xib */,
				4CBDE08B1D050F2F00A7FAF5 /* AppDelegate.h */,
				4CBDE08C1D050F2F00A7FAF5 /* AppDelegate.m */,
				4CBDE0971D050F2F00A7FAF5 /* main.m */,
				4CBDE0981D050F2F00A7FAF5 /* PrefixHeader.pch */,
				4C1DA4AC1D055A0100F18B82 /* Foundation+Log.m */,
				4CD01C481D13A64900E553CF /* WZConst.h */,
				4CD01C491D13A64900E553CF /* WZConst.m */,
			);
			path = "Other-其他";
			sourceTree = "<group>";
		};
		4CBDE08D1D050F2F00A7FAF5 /* Category */ = {
			isa = PBXGroup;
			children = (
				4CBDE08E1D050F2F00A7FAF5 /* UIBarButtonItem+WZCategory.h */,
				4CBDE08F1D050F2F00A7FAF5 /* UIBarButtonItem+WZCategory.m */,
				4CBDE0901D050F2F00A7FAF5 /* UIView+WZCategory.h */,
				4CBDE0911D050F2F00A7FAF5 /* UIView+WZCategory.m */,
				4CC73FFF1D1296380074474D /* NSDate+WZCategory.h */,
				4CC740001D1296380074474D /* NSDate+WZCategory.m */,
			);
			path = Category;
			sourceTree = "<group>";
		};
		4CBDE0921D050F2F00A7FAF5 /* Controller */ = {
			isa = PBXGroup;
			children = (
				4CBDE0931D050F2F00A7FAF5 /* WZHomeTabBarController.h */,
				4CBDE0941D050F2F00A7FAF5 /* WZHomeTabBarController.m */,
				4CBDE0951D050F2F00A7FAF5 /* WZNavigationController.h */,
				4CBDE0961D050F2F00A7FAF5 /* WZNavigationController.m */,
			);
			path = Controller;
			sourceTree = "<group>";
		};
		4CBDE0991D050F2F00A7FAF5 /* View */ = {
			isa = PBXGroup;
			children = (
				4CBDE09A1D050F2F00A7FAF5 /* WZTabBar.h */,
				4CBDE09B1D050F2F00A7FAF5 /* WZTabBar.m */,
				4CA666A21D10EF4C00E6BEF1 /* WZGuideView.h */,
				4CA666A31D10EF4C00E6BEF1 /* WZGuideView.m */,
				4CA666A51D10EF6E00E6BEF1 /* WZGuideView.xib */,
				4CD206FC1D17D091002CB379 /* WZCircularProgressView.h */,
				4CD206FD1D17D091002CB379 /* WZCircularProgressView.m */,
			);
			path = View;
			sourceTree = "<group>";
		};
		9835DD8ABC15F3C192E147E0 /* Frameworks */ = {
			isa = PBXGroup;
			children = (
				4CD01C4B1D13A7C500E553CF /* UIKit.framework */,
				644AE6A22815CDDE03BBF66F /* libPods.a */,
			);
			name = Frameworks;
			sourceTree = "<group>";
		};
/* End PBXGroup section */

/* Begin PBXNativeTarget section */
		4C82F5DD1D001EC10044509D /* 百思不得姐 */ = {
			isa = PBXNativeTarget;
			buildConfigurationList = 4C82F5F51D001EC10044509D /* Build configuration list for PBXNativeTarget "百思不得姐" */;
			buildPhases = (
				5E5D7F4530EF2A75EB00BAEA /* Check Pods Manifest.lock */,
				4C82F5DA1D001EC10044509D /* Sources */,
				4C82F5DB1D001EC10044509D /* Frameworks */,
				4C82F5DC1D001EC10044509D /* Resources */,
				04305436E3F77E213742AA57 /* Embed Pods Frameworks */,
				9A8A4CBAEDC67D91E26CC61D /* Copy Pods Resources */,
			);
			buildRules = (
			);
			dependencies = (
			);
			name = "百思不得姐";
			productName = "百思不得姐";
			productReference = 4C82F5DE1D001EC10044509D /* 百思不得姐.app */;
			productType = "com.apple.product-type.application";
		};
/* End PBXNativeTarget section */

/* Begin PBXProject section */
		4C82F5D61D001EC10044509D /* Project object */ = {
			isa = PBXProject;
			attributes = {
				CLASSPREFIX = WZ;
				LastUpgradeCheck = 0730;
				ORGANIZATIONNAME = songbiwen;
				TargetAttributes = {
					4C82F5DD1D001EC10044509D = {
						CreatedOnToolsVersion = 7.3;
					};
				};
			};
			buildConfigurationList = 4C82F5D91D001EC10044509D /* Build configuration list for PBXProject "百思不得姐" */;
			compatibilityVersion = "Xcode 3.2";
			developmentRegion = English;
			hasScannedForEncodings = 0;
			knownRegions = (
				en,
				Base,
			);
			mainGroup = 4C82F5D51D001EC10044509D;
			productRefGroup = 4C82F5DF1D001EC10044509D /* Products */;
			projectDirPath = "";
			projectRoot = "";
			targets = (
				4C82F5DD1D001EC10044509D /* 百思不得姐 */,
			);
		};
/* End PBXProject section */

/* Begin PBXResourcesBuildPhase section */
		4C82F5DC1D001EC10044509D /* Resources */ = {
			isa = PBXResourcesBuildPhase;
			buildActionMask = 2147483647;
			files = (
				4CE9362C1D2A51BE00FFE160 /* WZCommentCell.xib in Resources */,
				4C75B5881D1BB16B00D611A1 /* WZEssenceVideoView.xib in Resources */,
				4CABF6301D0E9F1800503A29 /* WZLoginRegisterViewController.xib in Resources */,
				4C21B1821D0D559500D2CDB3 /* WZRecommandTagsCell.xib in Resources */,
				4CD610DC1D05603900B2580E /* WZRecommandLeftTableViewCell.xib in Resources */,
				4CC73FFE1D127D790074474D /* WZEssenceCell.xib in Resources */,
				4CD610E11D05604E00B2580E /* WZRecommandRightTableViewCell.xib in Resources */,
				4C75B5831D1B75B000D611A1 /* WZEssenceVoiceView.xib in Resources */,
				4CC29AE51D192D360027BA38 /* WZPublishView.xib in Resources */,
				4C75B5931D1BC7CA00D611A1 /* WZEssenceTopCommentView.xib in Resources */,
				4CABC0E31D1CD05A00E15DBB /* WZEssenceCommentController.xib in Resources */,
				4C1DA4AB1D054EE100F18B82 /* WZFriendTrendsViewController.xib in Resources */,
				4C82F5EE1D001EC10044509D /* Assets.xcassets in Resources */,
				4C1DA4B21D055A4900F18B82 /* WZRecommendViewController.xib in Resources */,
				4CD01C511D13ED2D00E553CF /* WZEssencePictureView.xib in Resources */,
				4CC29AE01D18DAFD0027BA38 /* WZPublishViewController.xib in Resources */,
				4C63994E1D067CE500192953 /* WZRecommandLeft2TableViewCell.xib in Resources */,
				4CD206FB1D17D03C002CB379 /* WZShowImageViewController.xib in Resources */,
				4CA666A61D10EF6E00E6BEF1 /* WZGuideView.xib in Resources */,
			);
			runOnlyForDeploymentPostprocessing = 0;
		};
/* End PBXResourcesBuildPhase section */

/* Begin PBXShellScriptBuildPhase section */
		04305436E3F77E213742AA57 /* Embed Pods Frameworks */ = {
			isa = PBXShellScriptBuildPhase;
			buildActionMask = 2147483647;
			files = (
			);
			inputPaths = (
			);
			name = "Embed Pods Frameworks";
			outputPaths = (
			);
			runOnlyForDeploymentPostprocessing = 0;
			shellPath = /bin/sh;
			shellScript = "\"${SRCROOT}/Pods/Target Support Files/Pods/Pods-frameworks.sh\"\n";
			showEnvVarsInLog = 0;
		};
		5E5D7F4530EF2A75EB00BAEA /* Check Pods Manifest.lock */ = {
			isa = PBXShellScriptBuildPhase;
			buildActionMask = 2147483647;
			files = (
			);
			inputPaths = (
			);
			name = "Check Pods Manifest.lock";
			outputPaths = (
			);
			runOnlyForDeploymentPostprocessing = 0;
			shellPath = /bin/sh;
			shellScript = "diff \"${PODS_ROOT}/../Podfile.lock\" \"${PODS_ROOT}/Manifest.lock\" > /dev/null\nif [[ $? != 0 ]] ; then\n    cat << EOM\nerror: The sandbox is not in sync with the Podfile.lock. Run 'pod install' or update your CocoaPods installation.\nEOM\n    exit 1\nfi\n";
			showEnvVarsInLog = 0;
		};
		9A8A4CBAEDC67D91E26CC61D /* Copy Pods Resources */ = {
			isa = PBXShellScriptBuildPhase;
			buildActionMask = 2147483647;
			files = (
			);
			inputPaths = (
			);
			name = "Copy Pods Resources";
			outputPaths = (
			);
			runOnlyForDeploymentPostprocessing = 0;
			shellPath = /bin/sh;
			shellScript = "\"${SRCROOT}/Pods/Target Support Files/Pods/Pods-resources.sh\"\n";
			showEnvVarsInLog = 0;
		};
/* End PBXShellScriptBuildPhase section */

/* Begin PBXSourcesBuildPhase section */
		4C82F5DA1D001EC10044509D /* Sources */ = {
			isa = PBXSourcesBuildPhase;
			buildActionMask = 2147483647;
			files = (
				4CBDE0A81D050F2F00A7FAF5 /* WZTabBar.m in Sources */,
				4CC29AE31D192D190027BA38 /* WZPublishView.m in Sources */,
				4C1DA4B11D055A4900F18B82 /* WZRecommendViewController.m in Sources */,
				4CD01C4A1D13A64900E553CF /* WZConst.m in Sources */,
				4CA666A41D10EF4C00E6BEF1 /* WZGuideView.m in Sources */,
				4C21B17A1D0CF93C00D2CDB3 /* WZRecommandUser.m in Sources */,
				4CD01C471D139B9200E553CF /* WZEssenseBaseController.m in Sources */,
				4CC73FF91D1242F10074474D /* WZEssenceListModel.m in Sources */,
				4C1DA4AD1D055A0100F18B82 /* Foundation+Log.m in Sources */,
				4CABF6331D0EA8C300503A29 /* WZVerticalButton.m in Sources */,
				4CD01C4F1D13ED2100E553CF /* WZEssencePictureView.m in Sources */,
				4CABC0E21D1CD05A00E15DBB /* WZEssenceCommentController.m in Sources */,
				4CBDE0A71D050F2F00A7FAF5 /* main.m in Sources */,
				4CD610E01D05604E00B2580E /* WZRecommandRightTableViewCell.m in Sources */,
				4CBDE09E1D050F2F00A7FAF5 /* WZEssenceViewController.m in Sources */,
				4CBDE09F1D050F2F00A7FAF5 /* WZFriendTrendsViewController.m in Sources */,
				4CABF62F1D0E9F1800503A29 /* WZLoginRegisterViewController.m in Sources */,
				4CD9CCBF1D0FAB2C000DFECF /* WZTextFieldPlaceHolder.m in Sources */,
				4C75B58E1D1BC49000D611A1 /* WZEssenceTopComentModel.m in Sources */,
				4CBDE0A11D050F2F00A7FAF5 /* WZNewViewController.m in Sources */,
				4CEC43AC1D2B4C4500E2E3D9 /* WZTableViewHeaderFooterView.m in Sources */,
				4CBDE0A31D050F2F00A7FAF5 /* UIBarButtonItem+WZCategory.m in Sources */,
				4C75B5911D1BC7AD00D611A1 /* WZEssenceTopCommentView.m in Sources */,
				4C75B5811D1B757300D611A1 /* WZEssenceVoiceView.m in Sources */,
				4CBDE0A61D050F2F00A7FAF5 /* WZNavigationController.m in Sources */,
				4CBDE0A91D050F2F00A7FAF5 /* WZPublishViewController.m in Sources */,
				4CBDE0A41D050F2F00A7FAF5 /* UIView+WZCategory.m in Sources */,
				4CC73FF61D1242DA0074474D /* WZEssenceModel.m in Sources */,
				4C63994D1D067CE500192953 /* WZRecommandLeft2TableViewCell.m in Sources */,
				4CC740011D1296380074474D /* NSDate+WZCategory.m in Sources */,
				4CBDE0A51D050F2F00A7FAF5 /* WZHomeTabBarController.m in Sources */,
				4CD206FE1D17D091002CB379 /* WZCircularProgressView.m in Sources */,
				4CD206FA1D17D03C002CB379 /* WZShowImageViewController.m in Sources */,
				4C21B17D1D0D553900D2CDB3 /* WZRecommandTagsViewController.m in Sources */,
				4C6399491D0676D800192953 /* WZRecommandType.m in Sources */,
				4CE9362B1D2A51BE00FFE160 /* WZCommentCell.m in Sources */,
				4CBDE0A01D050F2F00A7FAF5 /* WZMeViewController.m in Sources */,
				4C21B1851D0D592B00D2CDB3 /* WZRecommandTag.m in Sources */,
				4CBDE0AC1D051C9800A7FAF5 /* WZTestViewController.m in Sources */,
				4C75B5861D1BB15300D611A1 /* WZEssenceVideoView.m in Sources */,
				4CC73FFD1D127D790074474D /* WZEssenceCell.m in Sources */,
				4CD610DB1D05603900B2580E /* WZRecommandLeftTableViewCell.m in Sources */,
				4C21B1811D0D559500D2CDB3 /* WZRecommandTagsCell.m in Sources */,
				4C75B58B1D1BC3A600D611A1 /* WZEssenceUserModel.m in Sources */,
				4CBDE0A21D050F2F00A7FAF5 /* AppDelegate.m in Sources */,
			);
			runOnlyForDeploymentPostprocessing = 0;
		};
/* End PBXSourcesBuildPhase section */

/* Begin XCBuildConfiguration section */
		4C82F5F31D001EC10044509D /* Debug */ = {
			isa = XCBuildConfiguration;
			buildSettings = {
				ALWAYS_SEARCH_USER_PATHS = NO;
				CLANG_ANALYZER_NONNULL = YES;
				CLANG_CXX_LANGUAGE_STANDARD = "gnu++0x";
				CLANG_CXX_LIBRARY = "libc++";
				CLANG_ENABLE_MODULES = YES;
				CLANG_ENABLE_OBJC_ARC = YES;
				CLANG_WARN_BOOL_CONVERSION = YES;
				CLANG_WARN_CONSTANT_CONVERSION = YES;
				CLANG_WARN_DIRECT_OBJC_ISA_USAGE = YES_ERROR;
				CLANG_WARN_EMPTY_BODY = YES;
				CLANG_WARN_ENUM_CONVERSION = YES;
				CLANG_WARN_INT_CONVERSION = YES;
				CLANG_WARN_OBJC_ROOT_CLASS = YES_ERROR;
				CLANG_WARN_UNREACHABLE_CODE = YES;
				CLANG_WARN__DUPLICATE_METHOD_MATCH = YES;
				"CODE_SIGN_IDENTITY[sdk=iphoneos*]" = "iPhone Developer";
				COPY_PHASE_STRIP = NO;
				DEBUG_INFORMATION_FORMAT = dwarf;
				ENABLE_STRICT_OBJC_MSGSEND = YES;
				ENABLE_TESTABILITY = YES;
				GCC_C_LANGUAGE_STANDARD = gnu99;
				GCC_DYNAMIC_NO_PIC = NO;
				GCC_NO_COMMON_BLOCKS = YES;
				GCC_OPTIMIZATION_LEVEL = 0;
				GCC_PREPROCESSOR_DEFINITIONS = (
					"DEBUG=1",
					"$(inherited)",
				);
				GCC_WARN_64_TO_32_BIT_CONVERSION = YES;
				GCC_WARN_ABOUT_RETURN_TYPE = YES_ERROR;
				GCC_WARN_UNDECLARED_SELECTOR = YES;
				GCC_WARN_UNINITIALIZED_AUTOS = YES_AGGRESSIVE;
				GCC_WARN_UNUSED_FUNCTION = YES;
				GCC_WARN_UNUSED_VARIABLE = YES;
				IPHONEOS_DEPLOYMENT_TARGET = 9.3;
				MTL_ENABLE_DEBUG_INFO = YES;
				ONLY_ACTIVE_ARCH = YES;
				SDKROOT = iphoneos;
			};
			name = Debug;
		};
		4C82F5F41D001EC10044509D /* Release */ = {
			isa = XCBuildConfiguration;
			buildSettings = {
				ALWAYS_SEARCH_USER_PATHS = NO;
				CLANG_ANALYZER_NONNULL = YES;
				CLANG_CXX_LANGUAGE_STANDARD = "gnu++0x";
				CLANG_CXX_LIBRARY = "libc++";
				CLANG_ENABLE_MODULES = YES;
				CLANG_ENABLE_OBJC_ARC = YES;
				CLANG_WARN_BOOL_CONVERSION = YES;
				CLANG_WARN_CONSTANT_CONVERSION = YES;
				CLANG_WARN_DIRECT_OBJC_ISA_USAGE = YES_ERROR;
				CLANG_WARN_EMPTY_BODY = YES;
				CLANG_WARN_ENUM_CONVERSION = YES;
				CLANG_WARN_INT_CONVERSION = YES;
				CLANG_WARN_OBJC_ROOT_CLASS = YES_ERROR;
				CLANG_WARN_UNREACHABLE_CODE = YES;
				CLANG_WARN__DUPLICATE_METHOD_MATCH = YES;
				"CODE_SIGN_IDENTITY[sdk=iphoneos*]" = "iPhone Developer";
				COPY_PHASE_STRIP = NO;
				DEBUG_INFORMATION_FORMAT = "dwarf-with-dsym";
				ENABLE_NS_ASSERTIONS = NO;
				ENABLE_STRICT_OBJC_MSGSEND = YES;
				GCC_C_LANGUAGE_STANDARD = gnu99;
				GCC_NO_COMMON_BLOCKS = YES;
				GCC_WARN_64_TO_32_BIT_CONVERSION = YES;
				GCC_WARN_ABOUT_RETURN_TYPE = YES_ERROR;
				GCC_WARN_UNDECLARED_SELECTOR = YES;
				GCC_WARN_UNINITIALIZED_AUTOS = YES_AGGRESSIVE;
				GCC_WARN_UNUSED_FUNCTION = YES;
				GCC_WARN_UNUSED_VARIABLE = YES;
				IPHONEOS_DEPLOYMENT_TARGET = 9.3;
				MTL_ENABLE_DEBUG_INFO = NO;
				SDKROOT = iphoneos;
				VALIDATE_PRODUCT = YES;
			};
			name = Release;
		};
		4C82F5F61D001EC10044509D /* Debug */ = {
			isa = XCBuildConfiguration;
			baseConfigurationReference = C2BE7918B4C31BDC980EE819 /* Pods.debug.xcconfig */;
			buildSettings = {
				ASSETCATALOG_COMPILER_APPICON_NAME = AppIcon;
				ASSETCATALOG_COMPILER_LAUNCHIMAGE_NAME = LaunchImage;
				GCC_PREFIX_HEADER = "/Users/songbiwen/WZ_BaiSiBuDeJie/百思不得姐/百思不得姐/Classes/Other-其他/PrefixHeader.pch";
				INFOPLIST_FILE = "百思不得姐/Info.plist";
				LD_RUNPATH_SEARCH_PATHS = "$(inherited) @executable_path/Frameworks";
				LIBRARY_SEARCH_PATHS = (
					"$(inherited)",
					"$(PROJECT_DIR)/百思不得姐/Classes/Other-其他/View/AVSessionVoice/lame",
				);
				PRODUCT_BUNDLE_IDENTIFIER = "com.renhedao.-----";
				PRODUCT_NAME = "$(TARGET_NAME)";
			};
			name = Debug;
		};
		4C82F5F71D001EC10044509D /* Release */ = {
			isa = XCBuildConfiguration;
			baseConfigurationReference = 5A2997A7562692472BB1CAC5 /* Pods.release.xcconfig */;
			buildSettings = {
				ASSETCATALOG_COMPILER_APPICON_NAME = AppIcon;
				ASSETCATALOG_COMPILER_LAUNCHIMAGE_NAME = LaunchImage;
				GCC_PREFIX_HEADER = "/Users/songbiwen/WZ_BaiSiBuDeJie/百思不得姐/百思不得姐/Classes/Other-其他/PrefixHeader.pch";
				INFOPLIST_FILE = "百思不得姐/Info.plist";
				LD_RUNPATH_SEARCH_PATHS = "$(inherited) @executable_path/Frameworks";
				LIBRARY_SEARCH_PATHS = (
					"$(inherited)",
					"$(PROJECT_DIR)/百思不得姐/Classes/Other-其他/View/AVSessionVoice/lame",
				);
				PRODUCT_BUNDLE_IDENTIFIER = "com.renhedao.-----";
				PRODUCT_NAME = "$(TARGET_NAME)";
			};
			name = Release;
		};
/* End XCBuildConfiguration section */

/* Begin XCConfigurationList section */
		4C82F5D91D001EC10044509D /* Build configuration list for PBXProject "百思不得姐" */ = {
			isa = XCConfigurationList;
			buildConfigurations = (
				4C82F5F31D001EC10044509D /* Debug */,
				4C82F5F41D001EC10044509D /* Release */,
			);
			defaultConfigurationIsVisible = 0;
			defaultConfigurationName = Release;
		};
		4C82F5F51D001EC10044509D /* Build configuration list for PBXNativeTarget "百思不得姐" */ = {
			isa = XCConfigurationList;
			buildConfigurations = (
				4C82F5F61D001EC10044509D /* Debug */,
				4C82F5F71D001EC10044509D /* Release */,
			);
			defaultConfigurationIsVisible = 0;
			defaultConfigurationName = Release;
		};
/* End XCConfigurationList section */
	};
	rootObject = 4C82F5D61D001EC10044509D /* Project object */;
}
